
Microsoft Visual Studio Solution File, Format Version 12.00
# Visual Studio Version 17
VisualStudioVersion = 17.8.34330.188
MinimumVisualStudioVersion = 10.0.40219.1
Project("{9A19103F-16F7-4668-BE54-9A1E7A4F7556}") = "Demo001", "Demo001\Demo001.csproj", "{D0D7C4B7-81CE-400A-881D-060441CFEA93}"
EndProject
Project("{2150E333-8FDC-42A3-9474-1A3956D46DE8}") = "Demos", "Demos", "{397F95BD-061F-4195-8647-CD7FC42C3AAB}"
EndProject
Project("{2150E333-8FDC-42A3-9474-1A3956D46DE8}") = "Exercices", "Exercices", "{0CF66F6B-C64B-4BE8-A851-3582B8737C2B}"
EndProject
Project("{9A19103F-16F7-4668-BE54-9A1E7A4F7556}") = "Exercice01Chaise", "Exercice01Chaise\Exercice01Chaise.csproj", "{5BEF3EF3-7055-4BEF-B556-FA4130BAA9B6}"
EndProject
Project("{9A19103F-16F7-4668-BE54-9A1E7A4F7556}") = "Demo02Static", "Demo02Static\Demo02Static.csproj", "{5025B91E-927D-4995-B234-9A5CBE5A8996}"
EndProject
Project("{FAE04EC0-301F-11D3-BF4B-00C04F79EFBC}") = "Exercice02Salarie", "Exercice02Salarie\Exercice02Salarie.csproj", "{A5DA9CC2-96FC-495F-8D9D-2070B3B43F09}"
EndProject
Global
	GlobalSection(SolutionConfigurationPlatforms) = preSolution
		Debug|Any CPU = Debug|Any CPU
		Release|Any CPU = Release|Any CPU
	EndGlobalSection
	GlobalSection(ProjectConfigurationPlatforms) = postSolution
		{D0D7C4B7-81CE-400A-881D-060441CFEA93}.Debug|Any CPU.ActiveCfg = Debug|Any CPU
		{D0D7C4B7-81CE-400A-881D-060441CFEA93}.Debug|Any CPU.Build.0 = Debug|Any CPU
		{D0D7C4B7-81CE-400A-881D-060441CFEA93}.Release|Any CPU.ActiveCfg = Release|Any CPU
		{D0D7C4B7-81CE-400A-881D-060441CFEA93}.Release|Any CPU.Build.0 = Release|Any CPU
		{5BEF3EF3-7055-4BEF-B556-FA4130BAA9B6}.Debug|Any CPU.ActiveCfg = Debug|Any CPU
		{5BEF3EF3-7055-4BEF-B556-FA4130BAA9B6}.Debug|Any CPU.Build.0 = Debug|Any CPU
		{5BEF3EF3-7055-4BEF-B556-FA4130BAA9B6}.Release|Any CPU.ActiveCfg = Release|Any CPU
		{5BEF3EF3-7055-4BEF-B556-FA4130BAA9B6}.Release|Any CPU.Build.0 = Release|Any CPU
		{5025B91E-927D-4995-B234-9A5CBE5A8996}.Debug|Any CPU.ActiveCfg = Debug|Any CPU
		{5025B91E-927D-4995-B234-9A5CBE5A8996}.Debug|Any CPU.Build.0 = Debug|Any CPU
		{5025B91E-927D-4995-B234-9A5CBE5A8996}.Release|Any CPU.ActiveCfg = Release|Any CPU
		{5025B91E-927D-4995-B234-9A5CBE5A8996}.Release|Any CPU.Build.0 = Release|Any CPU
		{A5DA9CC2-96FC-495F-8D9D-2070B3B43F09}.Debug|Any CPU.ActiveCfg = Debug|Any CPU
		{A5DA9CC2-96FC-495F-8D9D-2070B3B43F09}.Debug|Any CPU.Build.0 = Debug|Any CPU
		{A5DA9CC2-96FC-495F-8D9D-2070B3B43F09}.Release|Any CPU.ActiveCfg = Release|Any CPU
		{A5DA9CC2-96FC-495F-8D9D-2070B3B43F09}.Release|Any CPU.Build.0 = Release|Any CPU
	EndGlobalSection
	GlobalSection(SolutionProperties) = preSolution
		HideSolutionNode = FALSE
	EndGlobalSection
	GlobalSection(NestedProjects) = preSolution
		{D0D7C4B7-81CE-400A-881D-060441CFEA93} = {397F95BD-061F-4195-8647-CD7FC42C3AAB}
		{5BEF3EF3-7055-4BEF-B556-FA4130BAA9B6} = {0CF66F6B-C64B-4BE8-A851-3582B8737C2B}
		{5025B91E-927D-4995-B234-9A5CBE5A8996} = {397F95BD-061F-4195-8647-CD7FC42C3AAB}
		{A5DA9CC2-96FC-495F-8D9D-2070B3B43F09} = {0CF66F6B-C64B-4BE8-A851-3582B8737C2B}
	EndGlobalSection
	GlobalSection(ExtensibilityGlobals) = postSolution
		SolutionGuid = {31060136-BC2E-4FED-BDC6-AF8A515C8D0F}
	EndGlobalSection
EndGlobal
